{
  "nodes": {
    "home-manager": {
      "inputs": {
        "nixpkgs": [
          "nixpkgs"
        ]
      },
      "locked": {
        "lastModified": 1751513147,
        "narHash": "sha256-idSXM3Y0KNf/WDDqGfthiOSQMwZYwis1JZhTkdWrr6A=",
        "owner": "nix-community",
        "repo": "home-manager",
        "rev": "426b405d979d893832549b95f23c13537c65d244",
        "type": "github"
      },
      "original": {
        "owner": "nix-community",
        "repo": "home-manager",
        "type": "github"
      }
    },
    "nix-darwin": {
      "inputs": {
        "nixpkgs": [
          "nixpkgs"
        ]
      },
      "locked": {
        "lastModified": 1751313918,
        "narHash": "sha256-HsJM3XLa43WpG+665aGEh8iS8AfEwOIQWk3Mke3e7nk=",
        "owner": "LnL7",
        "repo": "nix-darwin",
        "rev": "e04a388232d9a6ba56967ce5b53a8a6f713cdfcf",
        "type": "github"
      },
      "original": {
        "owner": "LnL7",
        "repo": "nix-darwin",
        "type": "github"
      }
    },
    "nixpkgs": {
      "locked": {
        "lastModified": 1751498133,
        "narHash": "sha256-QWJ+NQbMU+NcU2xiyo7SNox1fAuwksGlQhpzBl76g1I=",
        "owner": "NixOS",
        "repo": "nixpkgs",
        "rev": "d55716bb59b91ae9d1ced4b1ccdea7a442ecbfdb",
        "type": "github"
      },
      "original": {
        "owner": "NixOS",
        "ref": "nixpkgs-unstable",
        "repo": "nixpkgs",
        "type": "github"
      }
    },
    "nixpkgs_2": {
      "locked": {
        "lastModified": 1745377448,
        "narHash": "sha256-jhZDfXVKdD7TSEGgzFJQvEEZ2K65UMiqW5YJ2aIqxMA=",
        "owner": "NixOS",
        "repo": "nixpkgs",
        "rev": "507b63021ada5fee621b6ca371c4fca9ca46f52c",
        "type": "github"
      },
      "original": {
        "owner": "NixOS",
        "ref": "nixpkgs-unstable",
        "repo": "nixpkgs",
        "type": "github"
      }
    },
    "private": {
      "inputs": {
        "nixpkgs": "nixpkgs_2",
        "sops-nix": "sops-nix"
      },
      "locked": {
        "lastModified": 1751618292,
        "narHash": "sha256-0uOXgUzwq/Z77JX405SZj584UMRXBmY0j4efTskAw+k=",
        "ref": "refs/heads/main",
        "rev": "21d67da2847a07af916770fb8eeaa16263859dc5",
        "revCount": 10,
        "submodules": true,
        "type": "git",
        "url": "file:./modules/priv"
      },
      "original": {
        "submodules": true,
        "type": "git",
        "url": "file:./modules/priv"
      }
    },
    "root": {
      "inputs": {
        "home-manager": "home-manager",
        "nix-darwin": "nix-darwin",
        "nixpkgs": "nixpkgs",
        "private": "private"
      }
    },
    "sops-nix": {
      "inputs": {
        "nixpkgs": [
          "private",
          "nixpkgs"
        ]
      },
      "locked": {
        "lastModified": 1750119275,
        "narHash": "sha256-Rr7Pooz9zQbhdVxux16h7URa6mA80Pb/G07T4lHvh0M=",
        "owner": "Mic92",
        "repo": "sops-nix",
        "rev": "77c423a03b9b2b79709ea2cb63336312e78b72e2",
        "type": "github"
      },
      "original": {
        "owner": "Mic92",
        "repo": "sops-nix",
        "type": "github"
      }
    }
  },
  "root": "root",
  "version": 7
}
